
Microsoft Visual Studio Solution File, Format Version 12.00
# Visual Studio 15
VisualStudioVersion = 15.0.28307.421
MinimumVisualStudioVersion = 10.0.40219.1
Project("{FAE04EC0-301F-11D3-BF4B-00C04F79EFBC}") = "Radix", "Radix\Radix.csproj", "{FC961CE3-08AC-405D-B865-1672A9A1626A}"
EndProject
Global
	GlobalSection(SolutionConfigurationPlatforms) = preSolution
		Debug|Any CPU = Debug|Any CPU
		Release|Any CPU = Release|Any CPU
	EndGlobalSection
	GlobalSection(ProjectConfigurationPlatforms) = postSolution
		{FC961CE3-08AC-405D-B865-1672A9A1626A}.Debug|Any CPU.ActiveCfg = Debug|Any CPU
		{FC961CE3-08AC-405D-B865-1672A9A1626A}.Debug|Any CPU.Build.0 = Debug|Any CPU
		{FC961CE3-08AC-405D-B865-1672A9A1626A}.Release|Any CPU.ActiveCfg = Release|Any CPU
		{FC961CE3-08AC-405D-B865-1672A9A1626A}.Release|Any CPU.Build.0 = Release|Any CPU
	EndGlobalSection
	GlobalSection(SolutionProperties) = preSolution
		HideSolutionNode = FALSE
	EndGlobalSection
	GlobalSection(ExtensibilityGlobals) = postSolution
		SolutionGuid = {156A6780-F02A-478F-AB7C-1048C34688B7}
	EndGlobalSection
EndGlobal
